
Microsoft Visual Studio Solution File, Format Version 12.00
# Visual Studio Version 16
VisualStudioVersion = 16.0.30523.141
MinimumVisualStudioVersion = 10.0.40219.1
Project("{9A19103F-16F7-4668-BE54-9A1E7A4F7556}") = "ACG.ONP.SIM.Infrastructure", "src\Infrastructure\ACG.ONP.SIM.Infrastructure\ACG.ONP.SIM.Infrastructure.csproj", "{A531A16A-4351-4554-892F-26029D698F1D}"
EndProject
Project("{9A19103F-16F7-4668-BE54-9A1E7A4F7556}") = "ACG.ONP.SIM.RazorHtmlEmails", "src\Infrastructure\ACG.ONP.SIM.RazorHtmlEmails\ACG.ONP.SIM.RazorHtmlEmails.csproj", "{E973DF13-8F37-4F60-8719-15EB4678D869}"
EndProject
Project("{9A19103F-16F7-4668-BE54-9A1E7A4F7556}") = "ACG.ONP.SIM.RazorHtmlPdfPrint", "src\Infrastructure\ACG.ONP.SIM.RazorHtmlPdfPrint\ACG.ONP.SIM.RazorHtmlPdfPrint.csproj", "{464A01B0-F198-446E-BD4D-E753AFB27B77}"
EndProject
Project("{9A19103F-16F7-4668-BE54-9A1E7A4F7556}") = "ACG.ONP.SIM.Application", "src\Core\ACG.ONP.SIM.Application\ACG.ONP.SIM.Application.csproj", "{82C81107-BF4B-4947-A453-34BCAF39BCC3}"
EndProject
Project("{9A19103F-16F7-4668-BE54-9A1E7A4F7556}") = "ACG.ONP.SIM.Domain", "src\Core\ACG.ONP.SIM.Domain\ACG.ONP.SIM.Domain.csproj", "{338B849D-6C56-4DB1-B383-E77F083F9B00}"
EndProject
Project("{9A19103F-16F7-4668-BE54-9A1E7A4F7556}") = "ACG.ONP.SIM.WebApi.PMPI", "src\WebApi\ACG.ONP.SIM.WebApi.PMPI\ACG.ONP.SIM.WebApi.PMPI.csproj", "{F14FCDDD-5C0C-439D-BCE5-9154B9E21318}"
EndProject
Project("{9A19103F-16F7-4668-BE54-9A1E7A4F7556}") = "ACG.ONP.SIM.WebApi.Common", "src\WebApi\ACG.ONP.SIM.WebApi.Common\ACG.ONP.SIM.WebApi.Common.csproj", "{928AEF35-57EC-49D9-8218-D696F3907693}"
EndProject
Project("{2150E333-8FDC-42A3-9474-1A3956D46DE8}") = "src", "src", "{A86B3F9F-B43F-49F4-95B6-77BE3CD4ABB4}"
EndProject
Project("{2150E333-8FDC-42A3-9474-1A3956D46DE8}") = "tests", "tests", "{3D1BFE06-6630-4FA9-A678-9BA7780B0781}"
EndProject
Project("{2150E333-8FDC-42A3-9474-1A3956D46DE8}") = "Core", "Core", "{BE8A7405-E946-4E39-94DF-E6BC2093F33F}"
EndProject
Project("{2150E333-8FDC-42A3-9474-1A3956D46DE8}") = "Web", "Web", "{C09ED1C0-0A03-436C-818A-54725D6CECD4}"
EndProject
Project("{2150E333-8FDC-42A3-9474-1A3956D46DE8}") = "Infrastructure", "Infrastructure", "{1A77E027-686B-4F48-9BFA-EFA09FBD301C}"
EndProject
Project("{9A19103F-16F7-4668-BE54-9A1E7A4F7556}") = "ACG.ONP.SIM.WebApi.Identity", "src\WebApi\ACG.ONP.SIM.WebApi.Identity\ACG.ONP.SIM.WebApi.Identity.csproj", "{0CA37F29-CA73-445E-B6C8-1C01700565BC}"
EndProject
Project("{2150E333-8FDC-42A3-9474-1A3956D46DE8}") = "Solution Items", "Solution Items", "{A545970C-13D6-4B59-9EF1-831D161323CC}"
	ProjectSection(SolutionItems) = preProject
		azure-pipelines.yml = azure-pipelines.yml
	EndProjectSection
EndProject
Global
	GlobalSection(SolutionConfigurationPlatforms) = preSolution
		Debug|Any CPU = Debug|Any CPU
		Release|Any CPU = Release|Any CPU
	EndGlobalSection
	GlobalSection(ProjectConfigurationPlatforms) = postSolution
		{A531A16A-4351-4554-892F-26029D698F1D}.Debug|Any CPU.ActiveCfg = Debug|Any CPU
		{A531A16A-4351-4554-892F-26029D698F1D}.Debug|Any CPU.Build.0 = Debug|Any CPU
		{A531A16A-4351-4554-892F-26029D698F1D}.Release|Any CPU.ActiveCfg = Release|Any CPU
		{A531A16A-4351-4554-892F-26029D698F1D}.Release|Any CPU.Build.0 = Release|Any CPU
		{E973DF13-8F37-4F60-8719-15EB4678D869}.Debug|Any CPU.ActiveCfg = Debug|Any CPU
		{E973DF13-8F37-4F60-8719-15EB4678D869}.Debug|Any CPU.Build.0 = Debug|Any CPU
		{E973DF13-8F37-4F60-8719-15EB4678D869}.Release|Any CPU.ActiveCfg = Release|Any CPU
		{E973DF13-8F37-4F60-8719-15EB4678D869}.Release|Any CPU.Build.0 = Release|Any CPU
		{464A01B0-F198-446E-BD4D-E753AFB27B77}.Debug|Any CPU.ActiveCfg = Debug|Any CPU
		{464A01B0-F198-446E-BD4D-E753AFB27B77}.Debug|Any CPU.Build.0 = Debug|Any CPU
		{464A01B0-F198-446E-BD4D-E753AFB27B77}.Release|Any CPU.ActiveCfg = Release|Any CPU
		{464A01B0-F198-446E-BD4D-E753AFB27B77}.Release|Any CPU.Build.0 = Release|Any CPU
		{82C81107-BF4B-4947-A453-34BCAF39BCC3}.Debug|Any CPU.ActiveCfg = Debug|Any CPU
		{82C81107-BF4B-4947-A453-34BCAF39BCC3}.Debug|Any CPU.Build.0 = Debug|Any CPU
		{82C81107-BF4B-4947-A453-34BCAF39BCC3}.Release|Any CPU.ActiveCfg = Release|Any CPU
		{82C81107-BF4B-4947-A453-34BCAF39BCC3}.Release|Any CPU.Build.0 = Release|Any CPU
		{338B849D-6C56-4DB1-B383-E77F083F9B00}.Debug|Any CPU.ActiveCfg = Debug|Any CPU
		{338B849D-6C56-4DB1-B383-E77F083F9B00}.Debug|Any CPU.Build.0 = Debug|Any CPU
		{338B849D-6C56-4DB1-B383-E77F083F9B00}.Release|Any CPU.ActiveCfg = Release|Any CPU
		{338B849D-6C56-4DB1-B383-E77F083F9B00}.Release|Any CPU.Build.0 = Release|Any CPU
		{F14FCDDD-5C0C-439D-BCE5-9154B9E21318}.Debug|Any CPU.ActiveCfg = Debug|Any CPU
		{F14FCDDD-5C0C-439D-BCE5-9154B9E21318}.Debug|Any CPU.Build.0 = Debug|Any CPU
		{F14FCDDD-5C0C-439D-BCE5-9154B9E21318}.Release|Any CPU.ActiveCfg = Release|Any CPU
		{F14FCDDD-5C0C-439D-BCE5-9154B9E21318}.Release|Any CPU.Build.0 = Release|Any CPU
		{928AEF35-57EC-49D9-8218-D696F3907693}.Debug|Any CPU.ActiveCfg = Debug|Any CPU
		{928AEF35-57EC-49D9-8218-D696F3907693}.Debug|Any CPU.Build.0 = Debug|Any CPU
		{928AEF35-57EC-49D9-8218-D696F3907693}.Release|Any CPU.ActiveCfg = Release|Any CPU
		{928AEF35-57EC-49D9-8218-D696F3907693}.Release|Any CPU.Build.0 = Release|Any CPU
		{0CA37F29-CA73-445E-B6C8-1C01700565BC}.Debug|Any CPU.ActiveCfg = Debug|Any CPU
		{0CA37F29-CA73-445E-B6C8-1C01700565BC}.Debug|Any CPU.Build.0 = Debug|Any CPU
		{0CA37F29-CA73-445E-B6C8-1C01700565BC}.Release|Any CPU.ActiveCfg = Release|Any CPU
		{0CA37F29-CA73-445E-B6C8-1C01700565BC}.Release|Any CPU.Build.0 = Release|Any CPU
	EndGlobalSection
	GlobalSection(SolutionProperties) = preSolution
		HideSolutionNode = FALSE
	EndGlobalSection
	GlobalSection(NestedProjects) = preSolution
		{A531A16A-4351-4554-892F-26029D698F1D} = {1A77E027-686B-4F48-9BFA-EFA09FBD301C}
		{E973DF13-8F37-4F60-8719-15EB4678D869} = {1A77E027-686B-4F48-9BFA-EFA09FBD301C}
		{464A01B0-F198-446E-BD4D-E753AFB27B77} = {1A77E027-686B-4F48-9BFA-EFA09FBD301C}
		{82C81107-BF4B-4947-A453-34BCAF39BCC3} = {BE8A7405-E946-4E39-94DF-E6BC2093F33F}
		{338B849D-6C56-4DB1-B383-E77F083F9B00} = {BE8A7405-E946-4E39-94DF-E6BC2093F33F}
		{F14FCDDD-5C0C-439D-BCE5-9154B9E21318} = {C09ED1C0-0A03-436C-818A-54725D6CECD4}
		{928AEF35-57EC-49D9-8218-D696F3907693} = {C09ED1C0-0A03-436C-818A-54725D6CECD4}
		{BE8A7405-E946-4E39-94DF-E6BC2093F33F} = {A86B3F9F-B43F-49F4-95B6-77BE3CD4ABB4}
		{C09ED1C0-0A03-436C-818A-54725D6CECD4} = {A86B3F9F-B43F-49F4-95B6-77BE3CD4ABB4}
		{1A77E027-686B-4F48-9BFA-EFA09FBD301C} = {A86B3F9F-B43F-49F4-95B6-77BE3CD4ABB4}
		{0CA37F29-CA73-445E-B6C8-1C01700565BC} = {C09ED1C0-0A03-436C-818A-54725D6CECD4}
	EndGlobalSection
	GlobalSection(ExtensibilityGlobals) = postSolution
		SolutionGuid = {91FCFCEC-FF2A-4367-9833-94369CDC17FF}
	EndGlobalSection
EndGlobal
